
Microsoft Visual Studio Solution File, Format Version 12.00
# Visual Studio 15
VisualStudioVersion = 15.0.27703.2000
MinimumVisualStudioVersion = 10.0.40219.1
Project("{FAE04EC0-301F-11D3-BF4B-00C04F79EFBC}") = "TRexEndlessRunner", "TRexEndlessRunner\TRexEndlessRunner.csproj", "{F4DE56EE-1068-4D66-9639-844FB3693F7F}"
EndProject
Global
	GlobalSection(SolutionConfigurationPlatforms) = preSolution
		Debug|Any CPU = Debug|Any CPU
		Release|Any CPU = Release|Any CPU
	EndGlobalSection
	GlobalSection(ProjectConfigurationPlatforms) = postSolution
		{F4DE56EE-1068-4D66-9639-844FB3693F7F}.Debug|Any CPU.ActiveCfg = Debug|Any CPU
		{F4DE56EE-1068-4D66-9639-844FB3693F7F}.Debug|Any CPU.Build.0 = Debug|Any CPU
		{F4DE56EE-1068-4D66-9639-844FB3693F7F}.Release|Any CPU.ActiveCfg = Release|Any CPU
		{F4DE56EE-1068-4D66-9639-844FB3693F7F}.Release|Any CPU.Build.0 = Release|Any CPU
	EndGlobalSection
	GlobalSection(SolutionProperties) = preSolution
		HideSolutionNode = FALSE
	EndGlobalSection
	GlobalSection(ExtensibilityGlobals) = postSolution
		SolutionGuid = {2ED1A431-827F-4406-8DC3-B3B33DE3E0A9}
	EndGlobalSection
EndGlobal
